PODS:
  - AsyncLoadLocalImage (0.1.0)
  - FBSnapshotTestCase (2.0.7):
    - FBSnapshotTestCase/SwiftSupport (= 2.0.7)
  - FBSnapshotTestCase/Core (2.0.7)
  - FBSnapshotTestCase/SwiftSupport (2.0.7):
    - FBSnapshotTestCase/Core

DEPENDENCIES:
  - AsyncLoadLocalImage (from `../`)
  - FBSnapshotTestCase

EXTERNAL SOURCES:
  AsyncLoadLocalImage:
    :path: ../

SPEC CHECKSUMS:
  AsyncLoadLocalImage: 91cb7eda20d554f2b28e0f404a4d17d51d43cb64
  FBSnapshotTestCase: 7e85180d0d141a0cf472352edda7e80d7eaeb547

COCOAPODS: 0.39.0
